
Microsoft Visual Studio Solution File, Format Version 12.00
# Visual Studio Version 17
VisualStudioVersion = 17.13.35913.81
MinimumVisualStudioVersion = 10.0.40219.1
Project("{FAE04EC0-301F-11D3-BF4B-00C04F79EFBC}") = "AbevPortfolioCsharp", "AbevPortfolioCsharp\AbevPortfolioCsharp.csproj", "{444051CC-2B89-45FF-B237-B1E1CEFC6793}"
EndProject
Global
	GlobalSection(SolutionConfigurationPlatforms) = preSolution
		Debug|Any CPU = Debug|Any CPU
		Release|Any CPU = Release|Any CPU
	EndGlobalSection
	GlobalSection(ProjectConfigurationPlatforms) = postSolution
		{444051CC-2B89-45FF-B237-B1E1CEFC6793}.Debug|Any CPU.ActiveCfg = Debug|Any CPU
		{444051CC-2B89-45FF-B237-B1E1CEFC6793}.Debug|Any CPU.Build.0 = Debug|Any CPU
		{444051CC-2B89-45FF-B237-B1E1CEFC6793}.Release|Any CPU.ActiveCfg = Release|Any CPU
		{444051CC-2B89-45FF-B237-B1E1CEFC6793}.Release|Any CPU.Build.0 = Release|Any CPU
	EndGlobalSection
	GlobalSection(SolutionProperties) = preSolution
		HideSolutionNode = FALSE
	EndGlobalSection
	GlobalSection(ExtensibilityGlobals) = postSolution
		SolutionGuid = {AB6A06CB-92D6-4C9A-AB7D-8F651F080C25}
	EndGlobalSection
EndGlobal
